// !$*UTF8*$!
{
	archiveVersion = 1;
	classes = {
	};
	objectVersion = 50;
	objects = {

/* Begin PBXBuildFile section */
		86B670302403776200772D97 /* AppDelegate.swift in Sources */ = {isa = PBXBuildFile; fileRef = 86B6702F2403776200772D97 /* AppDelegate.swift */; };
		86B670322403776200772D97 /* SceneDelegate.swift in Sources */ = {isa = PBXBuildFile; fileRef = 86B670312403776200772D97 /* SceneDelegate.swift */; };
		86B670342403776200772D97 /* ViewController.swift in Sources */ = {isa = PBXBuildFile; fileRef = 86B670332403776200772D97 /* ViewController.swift */; };
		86B670372403776200772D97 /* Main.storyboard in Resources */ = {isa = PBXBuildFile; fileRef = 86B670352403776200772D97 /* Main.storyboard */; };
		86B670392403776600772D97 /* Assets.xcassets in Resources */ = {isa = PBXBuildFile; fileRef = 86B670382403776600772D97 /* Assets.xcassets */; };
		86B6703C2403776600772D97 /* LaunchScreen.storyboard in Resources */ = {isa = PBXBuildFile; fileRef = 86B6703A2403776600772D97 /* LaunchScreen.storyboard */; };
		86B670462403791E00772D97 /* ufo2.png in Resources */ = {isa = PBXBuildFile; fileRef = 86B670442403791E00772D97 /* ufo2.png */; };
		86B670472403791E00772D97 /* ufo1.png in Resources */ = {isa = PBXBuildFile; fileRef = 86B670452403791E00772D97 /* ufo1.png */; };
/* End PBXBuildFile section */

/* Begin PBXFileReference section */
		86B6702C2403776200772D97 /* MoveApp.app */ = {isa = PBXFileReference; explicitFileType = wrapper.application; includeInIndex = 0; path = MoveApp.app; sourceTree = BUILT_PRODUCTS_DIR; };
		86B6702F2403776200772D97 /* AppDelegate.swift */ = {isa = PBXFileReference; lastKnownFileType = sourcecode.swift; path = AppDelegate.swift; sourceTree = "<group>"; };
		86B670312403776200772D97 /* SceneDelegate.swift */ = {isa = PBXFileReference; lastKnownFileType = sourcecode.swift; path = SceneDelegate.swift; sourceTree = "<group>"; };
		86B670332403776200772D97 /* ViewController.swift */ = {isa = PBXFileReference; lastKnownFileType = sourcecode.swift; path = ViewController.swift; sourceTree = "<group>"; };
		86B670362403776200772D97 /* Base */ = {isa = PBXFileReference; lastKnownFileType = file.storyboard; name = Base; path = Base.lproj/Main.storyboard; sourceTree = "<group>"; };
		86B670382403776600772D97 /* Assets.xcassets */ = {isa = PBXFileReference; lastKnownFileType = folder.assetcatalog; path = Assets.xcassets; sourceTree = "<group>"; };
		86B6703B2403776600772D97 /* Base */ = {isa = PBXFileReference; lastKnownFileType = file.storyboard; name = Base; path = Base.lproj/LaunchScreen.storyboard; sourceTree = "<group>"; };
		86B6703D2403776600772D97 /* Info.plist */ = {isa = PBXFileReference; lastKnownFileType = text.plist.xml; path = Info.plist; sourceTree = "<group>"; };
		86B670442403791E00772D97 /* ufo2.png */ = {isa = PBXFileReference; lastKnownFileType = image.png; path = ufo2.png; sourceTree = "<group>"; };
		86B670452403791E00772D97 /* ufo1.png */ = {isa = PBXFileReference; lastKnownFileType = image.png; path = ufo1.png; sourceTree = "<group>"; };
/* End PBXFileReference section */

/* Begin PBXFrameworksBuildPhase section */
		86B670292403776200772D97 /* Frameworks */ = {
			isa = PBXFrameworksBuildPhase;
			buildActionMask = 2147483647;
			files = (
			);
			runOnlyForDeploymentPostprocessing = 0;
		};
/* End PBXFrameworksBuildPhase section */

/* Begin PBXGroup section */
		86B670232403776200772D97 = {
			isa = PBXGroup;
			children = (
				86B670432403786E00772D97 /* images */,
				86B6702E2403776200772D97 /* MoveApp */,
				86B6702D2403776200772D97 /* Products */,
			);
			sourceTree = "<group>";
		};
		86B6702D2403776200772D97 /* Products */ = {
			isa = PBXGroup;
			children = (
				86B6702C2403776200772D97 /* MoveApp.app */,
			);
			name = Products;
			sourceTree = "<group>";
		};
		86B6702E2403776200772D97 /* MoveApp */ = {
			isa = PBXGroup;
			children = (
				86B6702F2403776200772D97 /* AppDelegate.swift */,
				86B670312403776200772D97 /* SceneDelegate.swift */,
				86B670332403776200772D97 /* ViewController.swift */,
				86B670352403776200772D97 /* Main.storyboard */,
				86B670382403776600772D97 /* Assets.xcassets */,
				86B6703A2403776600772D97 /* LaunchScreen.storyboard */,
				86B6703D2403776600772D97 /* Info.plist */,
			);
			path = MoveApp;
			sourceTree = "<group>";
		};
		86B670432403786E00772D97 /* images */ = {
			isa = PBXGroup;
			children = (
				86B670452403791E00772D97 /* ufo1.png */,
				86B670442403791E00772D97 /* ufo2.png */,
			);
			path = images;
			sourceTree = "<group>";
		};
/* End PBXGroup section */

/* Begin PBXNativeTarget section */
		86B6702B2403776200772D97 /* MoveApp */ = {
			isa = PBXNativeTarget;
			buildConfigurationList = 86B670402403776600772D97 /* Build configuration list for PBXNativeTarget "MoveApp" */;
			buildPhases = (
				86B670282403776200772D97 /* Sources */,
				86B670292403776200772D97 /* Frameworks */,
				86B6702A2403776200772D97 /* Resources */,
			);
			buildRules = (
			);
			dependencies = (
			);
			name = MoveApp;
			productName = MoveApp;
			productReference = 86B6702C2403776200772D97 /* MoveApp.app */;
			productType = "com.apple.product-type.application";
		};
/* End PBXNativeTarget section */

/* Begin PBXProject section */
		86B670242403776200772D97 /* Project object */ = {
			isa = PBXProject;
			attributes = {
				LastSwiftUpdateCheck = 1120;
				LastUpgradeCheck = 1120;
				ORGANIZATIONNAME = 601;
				TargetAttributes = {
					86B6702B2403776200772D97 = {
						CreatedOnToolsVersion = 11.2.1;
					};
				};
			};
			buildConfigurationList = 86B670272403776200772D97 /* Build configuration list for PBXProject "MoveApp" */;
			compatibilityVersion = "Xcode 9.3";
			developmentRegion = en;
			hasScannedForEncodings = 0;
			knownRegions = (
				en,
				Base,
			);
			mainGroup = 86B670232403776200772D97;
			productRefGroup = 86B6702D2403776200772D97 /* Products */;
			projectDirPath = "";
			projectRoot = "";
			targets = (
				86B6702B2403776200772D97 /* MoveApp */,
			);
		};
/* End PBXProject section */

/* Begin PBXResourcesBuildPhase section */
		86B6702A2403776200772D97 /* Resources */ = {
			isa = PBXResourcesBuildPhase;
			buildActionMask = 2147483647;
			files = (
				86B6703C2403776600772D97 /* LaunchScreen.storyboard in Resources */,
				86B670472403791E00772D97 /* ufo1.png in Resources */,
				86B670392403776600772D97 /* Assets.xcassets in Resources */,
				86B670372403776200772D97 /* Main.storyboard in Resources */,
				86B670462403791E00772D97 /* ufo2.png in Resources */,
			);
			runOnlyForDeploymentPostprocessing = 0;
		};
/* End PBXResourcesBuildPhase section */

/* Begin PBXSourcesBuildPhase section */
		86B670282403776200772D97 /* Sources */ = {
			isa = PBXSourcesBuildPhase;
			buildActionMask = 2147483647;
			files = (
				86B670342403776200772D97 /* ViewController.swift in Sources */,
				86B670302403776200772D97 /* AppDelegate.swift in Sources */,
				86B670322403776200772D97 /* SceneDelegate.swift in Sources */,
			);
			runOnlyForDeploymentPostprocessing = 0;
		};
/* End PBXSourcesBuildPhase section */

/* Begin PBXVariantGroup section */
		86B670352403776200772D97 /* Main.storyboard */ = {
			isa = PBXVariantGroup;
			children = (
				86B670362403776200772D97 /* Base */,
			);
			name = Main.storyboard;
			sourceTree = "<group>";
		};
		86B6703A2403776600772D97 /* LaunchScreen.storyboard */ = {
			isa = PBXVariantGroup;
			children = (
				86B6703B2403776600772D97 /* Base */,
			);
			name = LaunchScreen.storyboard;
			sourceTree = "<group>";
		};
/* End PBXVariantGroup section */

/* Begin XCBuildConfiguration section */
		86B6703E2403776600772D97 /* Debug */ = {
			isa = XCBuildConfiguration;
			buildSettings = {
				ALWAYS_SEARCH_USER_PATHS = NO;
				CLANG_ANALYZER_NONNULL = YES;
				CLANG_ANALYZER_NUMBER_OBJECT_CONVERSION = YES_AGGRESSIVE;
				CLANG_CXX_LANGUAGE_STANDARD = "gnu++14";
				CLANG_CXX_LIBRARY = "libc++";
				CLANG_ENABLE_MODULES = YES;
				CLANG_ENABLE_OBJC_ARC = YES;
				CLANG_ENABLE_OBJC_WEAK = YES;
				CLANG_WARN_BLOCK_CAPTURE_AUTORELEASING = YES;
				CLANG_WARN_BOOL_CONVERSION = YES;
				CLANG_WARN_COMMA = YES;
				CLANG_WARN_CONSTANT_CONVERSION = YES;
				CLANG_WARN_DEPRECATED_OBJC_IMPLEMENTATIONS = YES;
				CLANG_WARN_DIRECT_OBJC_ISA_USAGE = YES_ERROR;
				CLANG_WARN_DOCUMENTATION_COMMENTS = YES;
				CLANG_WARN_EMPTY_BODY = YES;
				CLANG_WARN_ENUM_CONVERSION = YES;
				CLANG_WARN_INFINITE_RECURSION = YES;
				CLANG_WARN_INT_CONVERSION = YES;
				CLANG_WARN_NON_LITERAL_NULL_CONVERSION = YES;
				CLANG_WARN_OBJC_IMPLICIT_RETAIN_SELF = YES;
				CLANG_WARN_OBJC_LITERAL_CONVERSION = YES;
				CLANG_WARN_OBJC_ROOT_CLASS = YES_ERROR;
				CLANG_WARN_RANGE_LOOP_ANALYSIS = YES;
				CLANG_WARN_STRICT_PROTOTYPES = YES;
				CLANG_WARN_SUSPICIOUS_MOVE = YES;
				CLANG_WARN_UNGUARDED_AVAILABILITY = YES_AGGRESSIVE;
				CLANG_WARN_UNREACHABLE_CODE = YES;
				CLANG_WARN__DUPLICATE_METHOD_MATCH = YES;
				COPY_PHASE_STRIP = NO;
				DEBUG_INFORMATION_FORMAT = dwarf;
				ENABLE_STRICT_OBJC_MSGSEND = YES;
				ENABLE_TESTABILITY = YES;
				GCC_C_LANGUAGE_STANDARD = gnu11;
				GCC_DYNAMIC_NO_PIC = NO;
				GCC_NO_COMMON_BLOCKS = YES;
				GCC_OPTIMIZATION_LEVEL = 0;
				GCC_PREPROCESSOR_DEFINITIONS = (
					"DEBUG=1",
					"$(inherited)",
				);
				GCC_WARN_64_TO_32_BIT_CONVERSION = YES;
				GCC_WARN_ABOUT_RETURN_TYPE = YES_ERROR;
				GCC_WARN_UNDECLARED_SELECTOR = YES;
				GCC_WARN_UNINITIALIZED_AUTOS = YES_AGGRESSIVE;
				GCC_WARN_UNUSED_FUNCTION = YES;
				GCC_WARN_UNUSED_VARIABLE = YES;
				IPHONEOS_DEPLOYMENT_TARGET = 13.2;
				MTL_ENABLE_DEBUG_INFO = INCLUDE_SOURCE;
				MTL_FAST_MATH = YES;
				ONLY_ACTIVE_ARCH = YES;
				SDKROOT = iphoneos;
				SWIFT_ACTIVE_COMPILATION_CONDITIONS = DEBUG;
				SWIFT_OPTIMIZATION_LEVEL = "-Onone";
			};
			name = Debug;
		};
		86B6703F2403776600772D97 /* Release */ = {
			isa = XCBuildConfiguration;
			buildSettings = {
				ALWAYS_SEARCH_USER_PATHS = NO;
				CLANG_ANALYZER_NONNULL = YES;
				CLANG_ANALYZER_NUMBER_OBJECT_CONVERSION = YES_AGGRESSIVE;
				CLANG_CXX_LANGUAGE_STANDARD = "gnu++14";
				CLANG_CXX_LIBRARY = "libc++";
				CLANG_ENABLE_MODULES = YES;
				CLANG_ENABLE_OBJC_ARC = YES;
				CLANG_ENABLE_OBJC_WEAK = YES;
				CLANG_WARN_BLOCK_CAPTURE_AUTORELEASING = YES;
				CLANG_WARN_BOOL_CONVERSION = YES;
				CLANG_WARN_COMMA = YES;
				CLANG_WARN_CONSTANT_CONVERSION = YES;
				CLANG_WARN_DEPRECATED_OBJC_IMPLEMENTATIONS = YES;
				CLANG_WARN_DIRECT_OBJC_ISA_USAGE = YES_ERROR;
				CLANG_WARN_DOCUMENTATION_COMMENTS = YES;
				CLANG_WARN_EMPTY_BODY = YES;
				CLANG_WARN_ENUM_CONVERSION = YES;
				CLANG_WARN_INFINITE_RECURSION = YES;
				CLANG_WARN_INT_CONVERSION = YES;
				CLANG_WARN_NON_LITERAL_NULL_CONVERSION = YES;
				CLANG_WARN_OBJC_IMPLICIT_RETAIN_SELF = YES;
				CLANG_WARN_OBJC_LITERAL_CONVERSION = YES;
				CLANG_WARN_OBJC_ROOT_CLASS = YES_ERROR;
				CLANG_WARN_RANGE_LOOP_ANALYSIS = YES;
				CLANG_WARN_STRICT_PROTOTYPES = YES;
				CLANG_WARN_SUSPICIOUS_MOVE = YES;
				CLANG_WARN_UNGUARDED_AVAILABILITY = YES_AGGRESSIVE;
				CLANG_WARN_UNREACHABLE_CODE = YES;
				CLANG_WARN__DUPLICATE_METHOD_MATCH = YES;
				COPY_PHASE_STRIP = NO;
				DEBUG_INFORMATION_FORMAT = "dwarf-with-dsym";
				ENABLE_NS_ASSERTIONS = NO;
				ENABLE_STRICT_OBJC_MSGSEND = YES;
				GCC_C_LANGUAGE_STANDARD = gnu11;
				GCC_NO_COMMON_BLOCKS = YES;
				GCC_WARN_64_TO_32_BIT_CONVERSION = YES;
				GCC_WARN_ABOUT_RETURN_TYPE = YES_ERROR;
				GCC_WARN_UNDECLARED_SELECTOR = YES;
				GCC_WARN_UNINITIALIZED_AUTOS = YES_AGGRESSIVE;
				GCC_WARN_UNUSED_FUNCTION = YES;
				GCC_WARN_UNUSED_VARIABLE = YES;
				IPHONEOS_DEPLOYMENT_TARGET = 13.2;
				MTL_ENABLE_DEBUG_INFO = NO;
				MTL_FAST_MATH = YES;
				SDKROOT = iphoneos;
				SWIFT_COMPILATION_MODE = wholemodule;
				SWIFT_OPTIMIZATION_LEVEL = "-O";
				VALIDATE_PRODUCT = YES;
			};
			name = Release;
		};
		86B670412403776600772D97 /* Debug */ = {
			isa = XCBuildConfiguration;
			buildSettings = {
				ASSETCATALOG_COMPILER_APPICON_NAME = AppIcon;
				CODE_SIGN_STYLE = Automatic;
				INFOPLIST_FILE = MoveApp/Info.plist;
				LD_RUNPATH_SEARCH_PATHS = (
					"$(inherited)",
					"@executable_path/Frameworks",
				);
				PRODUCT_BUNDLE_IDENTIFIER = com.tj.MoveApp;
				PRODUCT_NAME = "$(TARGET_NAME)";
				SWIFT_VERSION = 5.0;
				TARGETED_DEVICE_FAMILY = "1,2";
			};
			name = Debug;
		};
		86B670422403776600772D97 /* Release */ = {
			isa = XCBuildConfiguration;
			buildSettings = {
				ASSETCATALOG_COMPILER_APPICON_NAME = AppIcon;
				CODE_SIGN_STYLE = Automatic;
				INFOPLIST_FILE = MoveApp/Info.plist;
				LD_RUNPATH_SEARCH_PATHS = (
					"$(inherited)",
					"@executable_path/Frameworks",
				);
				PRODUCT_BUNDLE_IDENTIFIER = com.tj.MoveApp;
				PRODUCT_NAME = "$(TARGET_NAME)";
				SWIFT_VERSION = 5.0;
				TARGETED_DEVICE_FAMILY = "1,2";
			};
			name = Release;
		};
/* End XCBuildConfiguration section */

/* Begin XCConfigurationList section */
		86B670272403776200772D97 /* Build configuration list for PBXProject "MoveApp" */ = {
			isa = XCConfigurationList;
			buildConfigurations = (
				86B6703E2403776600772D97 /* Debug */,
				86B6703F2403776600772D97 /* Release */,
			);
			defaultConfigurationIsVisible = 0;
			defaultConfigurationName = Release;
		};
		86B670402403776600772D97 /* Build configuration list for PBXNativeTarget "MoveApp" */ = {
			isa = XCConfigurationList;
			buildConfigurations = (
				86B670412403776600772D97 /* Debug */,
				86B670422403776600772D97 /* Release */,
			);
			defaultConfigurationIsVisible = 0;
			defaultConfigurationName = Release;
		};
/* End XCConfigurationList section */
	};
	rootObject = 86B670242403776200772D97 /* Project object */;
}
