// !$*UTF8*$!
{
	archiveVersion = 1;
	classes = {
	};
	objectVersion = 50;
	objects = {

/* Begin PBXBuildFile section */
		8605A02B2404FB330020B62B /* AppDelegate.swift in Sources */ = {isa = PBXBuildFile; fileRef = 8605A02A2404FB330020B62B /* AppDelegate.swift */; };
		8605A02D2404FB330020B62B /* SceneDelegate.swift in Sources */ = {isa = PBXBuildFile; fileRef = 8605A02C2404FB330020B62B /* SceneDelegate.swift */; };
		8605A02F2404FB330020B62B /* ViewController.swift in Sources */ = {isa = PBXBuildFile; fileRef = 8605A02E2404FB330020B62B /* ViewController.swift */; };
		8605A0322404FB330020B62B /* Main.storyboard in Resources */ = {isa = PBXBuildFile; fileRef = 8605A0302404FB330020B62B /* Main.storyboard */; };
		8605A0342404FB360020B62B /* Assets.xcassets in Resources */ = {isa = PBXBuildFile; fileRef = 8605A0332404FB360020B62B /* Assets.xcassets */; };
		8605A0372404FB360020B62B /* LaunchScreen.storyboard in Resources */ = {isa = PBXBuildFile; fileRef = 8605A0352404FB360020B62B /* LaunchScreen.storyboard */; };
		8605A0402404FE3A0020B62B /* chicken.jpeg in Resources */ = {isa = PBXBuildFile; fileRef = 8605A03F2404FE390020B62B /* chicken.jpeg */; };
/* End PBXBuildFile section */

/* Begin PBXFileReference section */
		8605A0272404FB330020B62B /* PointTracer.app */ = {isa = PBXFileReference; explicitFileType = wrapper.application; includeInIndex = 0; path = PointTracer.app; sourceTree = BUILT_PRODUCTS_DIR; };
		8605A02A2404FB330020B62B /* AppDelegate.swift */ = {isa = PBXFileReference; lastKnownFileType = sourcecode.swift; path = AppDelegate.swift; sourceTree = "<group>"; };
		8605A02C2404FB330020B62B /* SceneDelegate.swift */ = {isa = PBXFileReference; lastKnownFileType = sourcecode.swift; path = SceneDelegate.swift; sourceTree = "<group>"; };
		8605A02E2404FB330020B62B /* ViewController.swift */ = {isa = PBXFileReference; lastKnownFileType = sourcecode.swift; path = ViewController.swift; sourceTree = "<group>"; };
		8605A0312404FB330020B62B /* Base */ = {isa = PBXFileReference; lastKnownFileType = file.storyboard; name = Base; path = Base.lproj/Main.storyboard; sourceTree = "<group>"; };
		8605A0332404FB360020B62B /* Assets.xcassets */ = {isa = PBXFileReference; lastKnownFileType = folder.assetcatalog; path = Assets.xcassets; sourceTree = "<group>"; };
		8605A0362404FB360020B62B /* Base */ = {isa = PBXFileReference; lastKnownFileType = file.storyboard; name = Base; path = Base.lproj/LaunchScreen.storyboard; sourceTree = "<group>"; };
		8605A0382404FB360020B62B /* Info.plist */ = {isa = PBXFileReference; lastKnownFileType = text.plist.xml; path = Info.plist; sourceTree = "<group>"; };
		8605A03F2404FE390020B62B /* chicken.jpeg */ = {isa = PBXFileReference; lastKnownFileType = image.jpeg; path = chicken.jpeg; sourceTree = "<group>"; };
/* End PBXFileReference section */

/* Begin PBXFrameworksBuildPhase section */
		8605A0242404FB330020B62B /* Frameworks */ = {
			isa = PBXFrameworksBuildPhase;
			buildActionMask = 2147483647;
			files = (
			);
			runOnlyForDeploymentPostprocessing = 0;
		};
/* End PBXFrameworksBuildPhase section */

/* Begin PBXGroup section */
		8605A01E2404FB330020B62B = {
			isa = PBXGroup;
			children = (
				8605A03E2404FE1C0020B62B /* images */,
				8605A0292404FB330020B62B /* PointTracer */,
				8605A0282404FB330020B62B /* Products */,
			);
			sourceTree = "<group>";
		};
		8605A0282404FB330020B62B /* Products */ = {
			isa = PBXGroup;
			children = (
				8605A0272404FB330020B62B /* PointTracer.app */,
			);
			name = Products;
			sourceTree = "<group>";
		};
		8605A0292404FB330020B62B /* PointTracer */ = {
			isa = PBXGroup;
			children = (
				8605A02A2404FB330020B62B /* AppDelegate.swift */,
				8605A02C2404FB330020B62B /* SceneDelegate.swift */,
				8605A02E2404FB330020B62B /* ViewController.swift */,
				8605A0302404FB330020B62B /* Main.storyboard */,
				8605A0332404FB360020B62B /* Assets.xcassets */,
				8605A0352404FB360020B62B /* LaunchScreen.storyboard */,
				8605A0382404FB360020B62B /* Info.plist */,
			);
			path = PointTracer;
			sourceTree = "<group>";
		};
		8605A03E2404FE1C0020B62B /* images */ = {
			isa = PBXGroup;
			children = (
				8605A03F2404FE390020B62B /* chicken.jpeg */,
			);
			path = images;
			sourceTree = "<group>";
		};
/* End PBXGroup section */

/* Begin PBXNativeTarget section */
		8605A0262404FB330020B62B /* PointTracer */ = {
			isa = PBXNativeTarget;
			buildConfigurationList = 8605A03B2404FB360020B62B /* Build configuration list for PBXNativeTarget "PointTracer" */;
			buildPhases = (
				8605A0232404FB330020B62B /* Sources */,
				8605A0242404FB330020B62B /* Frameworks */,
				8605A0252404FB330020B62B /* Resources */,
			);
			buildRules = (
			);
			dependencies = (
			);
			name = PointTracer;
			productName = PointTracer;
			productReference = 8605A0272404FB330020B62B /* PointTracer.app */;
			productType = "com.apple.product-type.application";
		};
/* End PBXNativeTarget section */

/* Begin PBXProject section */
		8605A01F2404FB330020B62B /* Project object */ = {
			isa = PBXProject;
			attributes = {
				LastSwiftUpdateCheck = 1120;
				LastUpgradeCheck = 1120;
				ORGANIZATIONNAME = 601;
				TargetAttributes = {
					8605A0262404FB330020B62B = {
						CreatedOnToolsVersion = 11.2.1;
					};
				};
			};
			buildConfigurationList = 8605A0222404FB330020B62B /* Build configuration list for PBXProject "PointTracer" */;
			compatibilityVersion = "Xcode 9.3";
			developmentRegion = en;
			hasScannedForEncodings = 0;
			knownRegions = (
				en,
				Base,
			);
			mainGroup = 8605A01E2404FB330020B62B;
			productRefGroup = 8605A0282404FB330020B62B /* Products */;
			projectDirPath = "";
			projectRoot = "";
			targets = (
				8605A0262404FB330020B62B /* PointTracer */,
			);
		};
/* End PBXProject section */

/* Begin PBXResourcesBuildPhase section */
		8605A0252404FB330020B62B /* Resources */ = {
			isa = PBXResourcesBuildPhase;
			buildActionMask = 2147483647;
			files = (
				8605A0372404FB360020B62B /* LaunchScreen.storyboard in Resources */,
				8605A0402404FE3A0020B62B /* chicken.jpeg in Resources */,
				8605A0342404FB360020B62B /* Assets.xcassets in Resources */,
				8605A0322404FB330020B62B /* Main.storyboard in Resources */,
			);
			runOnlyForDeploymentPostprocessing = 0;
		};
/* End PBXResourcesBuildPhase section */

/* Begin PBXSourcesBuildPhase section */
		8605A0232404FB330020B62B /* Sources */ = {
			isa = PBXSourcesBuildPhase;
			buildActionMask = 2147483647;
			files = (
				8605A02F2404FB330020B62B /* ViewController.swift in Sources */,
				8605A02B2404FB330020B62B /* AppDelegate.swift in Sources */,
				8605A02D2404FB330020B62B /* SceneDelegate.swift in Sources */,
			);
			runOnlyForDeploymentPostprocessing = 0;
		};
/* End PBXSourcesBuildPhase section */

/* Begin PBXVariantGroup section */
		8605A0302404FB330020B62B /* Main.storyboard */ = {
			isa = PBXVariantGroup;
			children = (
				8605A0312404FB330020B62B /* Base */,
			);
			name = Main.storyboard;
			sourceTree = "<group>";
		};
		8605A0352404FB360020B62B /* LaunchScreen.storyboard */ = {
			isa = PBXVariantGroup;
			children = (
				8605A0362404FB360020B62B /* Base */,
			);
			name = LaunchScreen.storyboard;
			sourceTree = "<group>";
		};
/* End PBXVariantGroup section */

/* Begin XCBuildConfiguration section */
		8605A0392404FB360020B62B /* Debug */ = {
			isa = XCBuildConfiguration;
			buildSettings = {
				ALWAYS_SEARCH_USER_PATHS = NO;
				CLANG_ANALYZER_NONNULL = YES;
				CLANG_ANALYZER_NUMBER_OBJECT_CONVERSION = YES_AGGRESSIVE;
				CLANG_CXX_LANGUAGE_STANDARD = "gnu++14";
				CLANG_CXX_LIBRARY = "libc++";
				CLANG_ENABLE_MODULES = YES;
				CLANG_ENABLE_OBJC_ARC = YES;
				CLANG_ENABLE_OBJC_WEAK = YES;
				CLANG_WARN_BLOCK_CAPTURE_AUTORELEASING = YES;
				CLANG_WARN_BOOL_CONVERSION = YES;
				CLANG_WARN_COMMA = YES;
				CLANG_WARN_CONSTANT_CONVERSION = YES;
				CLANG_WARN_DEPRECATED_OBJC_IMPLEMENTATIONS = YES;
				CLANG_WARN_DIRECT_OBJC_ISA_USAGE = YES_ERROR;
				CLANG_WARN_DOCUMENTATION_COMMENTS = YES;
				CLANG_WARN_EMPTY_BODY = YES;
				CLANG_WARN_ENUM_CONVERSION = YES;
				CLANG_WARN_INFINITE_RECURSION = YES;
				CLANG_WARN_INT_CONVERSION = YES;
				CLANG_WARN_NON_LITERAL_NULL_CONVERSION = YES;
				CLANG_WARN_OBJC_IMPLICIT_RETAIN_SELF = YES;
				CLANG_WARN_OBJC_LITERAL_CONVERSION = YES;
				CLANG_WARN_OBJC_ROOT_CLASS = YES_ERROR;
				CLANG_WARN_RANGE_LOOP_ANALYSIS = YES;
				CLANG_WARN_STRICT_PROTOTYPES = YES;
				CLANG_WARN_SUSPICIOUS_MOVE = YES;
				CLANG_WARN_UNGUARDED_AVAILABILITY = YES_AGGRESSIVE;
				CLANG_WARN_UNREACHABLE_CODE = YES;
				CLANG_WARN__DUPLICATE_METHOD_MATCH = YES;
				COPY_PHASE_STRIP = NO;
				DEBUG_INFORMATION_FORMAT = dwarf;
				ENABLE_STRICT_OBJC_MSGSEND = YES;
				ENABLE_TESTABILITY = YES;
				GCC_C_LANGUAGE_STANDARD = gnu11;
				GCC_DYNAMIC_NO_PIC = NO;
				GCC_NO_COMMON_BLOCKS = YES;
				GCC_OPTIMIZATION_LEVEL = 0;
				GCC_PREPROCESSOR_DEFINITIONS = (
					"DEBUG=1",
					"$(inherited)",
				);
				GCC_WARN_64_TO_32_BIT_CONVERSION = YES;
				GCC_WARN_ABOUT_RETURN_TYPE = YES_ERROR;
				GCC_WARN_UNDECLARED_SELECTOR = YES;
				GCC_WARN_UNINITIALIZED_AUTOS = YES_AGGRESSIVE;
				GCC_WARN_UNUSED_FUNCTION = YES;
				GCC_WARN_UNUSED_VARIABLE = YES;
				IPHONEOS_DEPLOYMENT_TARGET = 13.2;
				MTL_ENABLE_DEBUG_INFO = INCLUDE_SOURCE;
				MTL_FAST_MATH = YES;
				ONLY_ACTIVE_ARCH = YES;
				SDKROOT = iphoneos;
				SWIFT_ACTIVE_COMPILATION_CONDITIONS = DEBUG;
				SWIFT_OPTIMIZATION_LEVEL = "-Onone";
			};
			name = Debug;
		};
		8605A03A2404FB360020B62B /* Release */ = {
			isa = XCBuildConfiguration;
			buildSettings = {
				ALWAYS_SEARCH_USER_PATHS = NO;
				CLANG_ANALYZER_NONNULL = YES;
				CLANG_ANALYZER_NUMBER_OBJECT_CONVERSION = YES_AGGRESSIVE;
				CLANG_CXX_LANGUAGE_STANDARD = "gnu++14";
				CLANG_CXX_LIBRARY = "libc++";
				CLANG_ENABLE_MODULES = YES;
				CLANG_ENABLE_OBJC_ARC = YES;
				CLANG_ENABLE_OBJC_WEAK = YES;
				CLANG_WARN_BLOCK_CAPTURE_AUTORELEASING = YES;
				CLANG_WARN_BOOL_CONVERSION = YES;
				CLANG_WARN_COMMA = YES;
				CLANG_WARN_CONSTANT_CONVERSION = YES;
				CLANG_WARN_DEPRECATED_OBJC_IMPLEMENTATIONS = YES;
				CLANG_WARN_DIRECT_OBJC_ISA_USAGE = YES_ERROR;
				CLANG_WARN_DOCUMENTATION_COMMENTS = YES;
				CLANG_WARN_EMPTY_BODY = YES;
				CLANG_WARN_ENUM_CONVERSION = YES;
				CLANG_WARN_INFINITE_RECURSION = YES;
				CLANG_WARN_INT_CONVERSION = YES;
				CLANG_WARN_NON_LITERAL_NULL_CONVERSION = YES;
				CLANG_WARN_OBJC_IMPLICIT_RETAIN_SELF = YES;
				CLANG_WARN_OBJC_LITERAL_CONVERSION = YES;
				CLANG_WARN_OBJC_ROOT_CLASS = YES_ERROR;
				CLANG_WARN_RANGE_LOOP_ANALYSIS = YES;
				CLANG_WARN_STRICT_PROTOTYPES = YES;
				CLANG_WARN_SUSPICIOUS_MOVE = YES;
				CLANG_WARN_UNGUARDED_AVAILABILITY = YES_AGGRESSIVE;
				CLANG_WARN_UNREACHABLE_CODE = YES;
				CLANG_WARN__DUPLICATE_METHOD_MATCH = YES;
				COPY_PHASE_STRIP = NO;
				DEBUG_INFORMATION_FORMAT = "dwarf-with-dsym";
				ENABLE_NS_ASSERTIONS = NO;
				ENABLE_STRICT_OBJC_MSGSEND = YES;
				GCC_C_LANGUAGE_STANDARD = gnu11;
				GCC_NO_COMMON_BLOCKS = YES;
				GCC_WARN_64_TO_32_BIT_CONVERSION = YES;
				GCC_WARN_ABOUT_RETURN_TYPE = YES_ERROR;
				GCC_WARN_UNDECLARED_SELECTOR = YES;
				GCC_WARN_UNINITIALIZED_AUTOS = YES_AGGRESSIVE;
				GCC_WARN_UNUSED_FUNCTION = YES;
				GCC_WARN_UNUSED_VARIABLE = YES;
				IPHONEOS_DEPLOYMENT_TARGET = 13.2;
				MTL_ENABLE_DEBUG_INFO = NO;
				MTL_FAST_MATH = YES;
				SDKROOT = iphoneos;
				SWIFT_COMPILATION_MODE = wholemodule;
				SWIFT_OPTIMIZATION_LEVEL = "-O";
				VALIDATE_PRODUCT = YES;
			};
			name = Release;
		};
		8605A03C2404FB360020B62B /* Debug */ = {
			isa = XCBuildConfiguration;
			buildSettings = {
				ASSETCATALOG_COMPILER_APPICON_NAME = AppIcon;
				CODE_SIGN_STYLE = Automatic;
				INFOPLIST_FILE = PointTracer/Info.plist;
				LD_RUNPATH_SEARCH_PATHS = (
					"$(inherited)",
					"@executable_path/Frameworks",
				);
				PRODUCT_BUNDLE_IDENTIFIER = com.tj.PointTracer;
				PRODUCT_NAME = "$(TARGET_NAME)";
				SWIFT_VERSION = 5.0;
				TARGETED_DEVICE_FAMILY = "1,2";
			};
			name = Debug;
		};
		8605A03D2404FB360020B62B /* Release */ = {
			isa = XCBuildConfiguration;
			buildSettings = {
				ASSETCATALOG_COMPILER_APPICON_NAME = AppIcon;
				CODE_SIGN_STYLE = Automatic;
				INFOPLIST_FILE = PointTracer/Info.plist;
				LD_RUNPATH_SEARCH_PATHS = (
					"$(inherited)",
					"@executable_path/Frameworks",
				);
				PRODUCT_BUNDLE_IDENTIFIER = com.tj.PointTracer;
				PRODUCT_NAME = "$(TARGET_NAME)";
				SWIFT_VERSION = 5.0;
				TARGETED_DEVICE_FAMILY = "1,2";
			};
			name = Release;
		};
/* End XCBuildConfiguration section */

/* Begin XCConfigurationList section */
		8605A0222404FB330020B62B /* Build configuration list for PBXProject "PointTracer" */ = {
			isa = XCConfigurationList;
			buildConfigurations = (
				8605A0392404FB360020B62B /* Debug */,
				8605A03A2404FB360020B62B /* Release */,
			);
			defaultConfigurationIsVisible = 0;
			defaultConfigurationName = Release;
		};
		8605A03B2404FB360020B62B /* Build configuration list for PBXNativeTarget "PointTracer" */ = {
			isa = XCConfigurationList;
			buildConfigurations = (
				8605A03C2404FB360020B62B /* Debug */,
				8605A03D2404FB360020B62B /* Release */,
			);
			defaultConfigurationIsVisible = 0;
			defaultConfigurationName = Release;
		};
/* End XCConfigurationList section */
	};
	rootObject = 8605A01F2404FB330020B62B /* Project object */;
}
