// !$*UTF8*$!
{
	archiveVersion = 1;
	classes = {
	};
	objectVersion = 50;
	objects = {

/* Begin PBXBuildFile section */
		861EBA4C240F2EC900040661 /* AppDelegate.swift in Sources */ = {isa = PBXBuildFile; fileRef = 861EBA4B240F2EC900040661 /* AppDelegate.swift */; };
		861EBA4E240F2EC900040661 /* SceneDelegate.swift in Sources */ = {isa = PBXBuildFile; fileRef = 861EBA4D240F2EC900040661 /* SceneDelegate.swift */; };
		861EBA50240F2EC900040661 /* ViewController.swift in Sources */ = {isa = PBXBuildFile; fileRef = 861EBA4F240F2EC900040661 /* ViewController.swift */; };
		861EBA53240F2EC900040661 /* Main.storyboard in Resources */ = {isa = PBXBuildFile; fileRef = 861EBA51240F2EC900040661 /* Main.storyboard */; };
		861EBA55240F2ED500040661 /* Assets.xcassets in Resources */ = {isa = PBXBuildFile; fileRef = 861EBA54240F2ED500040661 /* Assets.xcassets */; };
		861EBA58240F2ED500040661 /* LaunchScreen.storyboard in Resources */ = {isa = PBXBuildFile; fileRef = 861EBA56240F2ED500040661 /* LaunchScreen.storyboard */; };
		861EBA60240F32B500040661 /* RedViewController.swift in Sources */ = {isa = PBXBuildFile; fileRef = 861EBA5F240F32B500040661 /* RedViewController.swift */; };
		861EBA62240F32E300040661 /* GreenViewController.swift in Sources */ = {isa = PBXBuildFile; fileRef = 861EBA61240F32E300040661 /* GreenViewController.swift */; };
		861EBA64240F330100040661 /* BlueViewController.swift in Sources */ = {isa = PBXBuildFile; fileRef = 861EBA63240F330100040661 /* BlueViewController.swift */; };
		861EBA66240F388600040661 /* BoardListController.swift in Sources */ = {isa = PBXBuildFile; fileRef = 861EBA65240F388600040661 /* BoardListController.swift */; };
		861EBA68240F43A500040661 /* WriteController.swift in Sources */ = {isa = PBXBuildFile; fileRef = 861EBA67240F43A500040661 /* WriteController.swift */; };
/* End PBXBuildFile section */

/* Begin PBXFileReference section */
		861EBA48240F2EC900040661 /* TabMenuApp.app */ = {isa = PBXFileReference; explicitFileType = wrapper.application; includeInIndex = 0; path = TabMenuApp.app; sourceTree = BUILT_PRODUCTS_DIR; };
		861EBA4B240F2EC900040661 /* AppDelegate.swift */ = {isa = PBXFileReference; lastKnownFileType = sourcecode.swift; path = AppDelegate.swift; sourceTree = "<group>"; };
		861EBA4D240F2EC900040661 /* SceneDelegate.swift */ = {isa = PBXFileReference; lastKnownFileType = sourcecode.swift; path = SceneDelegate.swift; sourceTree = "<group>"; };
		861EBA4F240F2EC900040661 /* ViewController.swift */ = {isa = PBXFileReference; lastKnownFileType = sourcecode.swift; path = ViewController.swift; sourceTree = "<group>"; };
		861EBA52240F2EC900040661 /* Base */ = {isa = PBXFileReference; lastKnownFileType = file.storyboard; name = Base; path = Base.lproj/Main.storyboard; sourceTree = "<group>"; };
		861EBA54240F2ED500040661 /* Assets.xcassets */ = {isa = PBXFileReference; lastKnownFileType = folder.assetcatalog; path = Assets.xcassets; sourceTree = "<group>"; };
		861EBA57240F2ED500040661 /* Base */ = {isa = PBXFileReference; lastKnownFileType = file.storyboard; name = Base; path = Base.lproj/LaunchScreen.storyboard; sourceTree = "<group>"; };
		861EBA59240F2ED500040661 /* Info.plist */ = {isa = PBXFileReference; lastKnownFileType = text.plist.xml; path = Info.plist; sourceTree = "<group>"; };
		861EBA5F240F32B500040661 /* RedViewController.swift */ = {isa = PBXFileReference; lastKnownFileType = sourcecode.swift; path = RedViewController.swift; sourceTree = "<group>"; };
		861EBA61240F32E300040661 /* GreenViewController.swift */ = {isa = PBXFileReference; lastKnownFileType = sourcecode.swift; path = GreenViewController.swift; sourceTree = "<group>"; };
		861EBA63240F330100040661 /* BlueViewController.swift */ = {isa = PBXFileReference; lastKnownFileType = sourcecode.swift; path = BlueViewController.swift; sourceTree = "<group>"; };
		861EBA65240F388600040661 /* BoardListController.swift */ = {isa = PBXFileReference; lastKnownFileType = sourcecode.swift; path = BoardListController.swift; sourceTree = "<group>"; };
		861EBA67240F43A500040661 /* WriteController.swift */ = {isa = PBXFileReference; lastKnownFileType = sourcecode.swift; path = WriteController.swift; sourceTree = "<group>"; };
/* End PBXFileReference section */

/* Begin PBXFrameworksBuildPhase section */
		861EBA45240F2EC900040661 /* Frameworks */ = {
			isa = PBXFrameworksBuildPhase;
			buildActionMask = 2147483647;
			files = (
			);
			runOnlyForDeploymentPostprocessing = 0;
		};
/* End PBXFrameworksBuildPhase section */

/* Begin PBXGroup section */
		861EBA3F240F2EC900040661 = {
			isa = PBXGroup;
			children = (
				861EBA4A240F2EC900040661 /* TabMenuApp */,
				861EBA49240F2EC900040661 /* Products */,
			);
			sourceTree = "<group>";
		};
		861EBA49240F2EC900040661 /* Products */ = {
			isa = PBXGroup;
			children = (
				861EBA48240F2EC900040661 /* TabMenuApp.app */,
			);
			name = Products;
			sourceTree = "<group>";
		};
		861EBA4A240F2EC900040661 /* TabMenuApp */ = {
			isa = PBXGroup;
			children = (
				861EBA4B240F2EC900040661 /* AppDelegate.swift */,
				861EBA4D240F2EC900040661 /* SceneDelegate.swift */,
				861EBA4F240F2EC900040661 /* ViewController.swift */,
				861EBA51240F2EC900040661 /* Main.storyboard */,
				861EBA54240F2ED500040661 /* Assets.xcassets */,
				861EBA56240F2ED500040661 /* LaunchScreen.storyboard */,
				861EBA59240F2ED500040661 /* Info.plist */,
				861EBA5F240F32B500040661 /* RedViewController.swift */,
				861EBA61240F32E300040661 /* GreenViewController.swift */,
				861EBA63240F330100040661 /* BlueViewController.swift */,
				861EBA65240F388600040661 /* BoardListController.swift */,
				861EBA67240F43A500040661 /* WriteController.swift */,
			);
			path = TabMenuApp;
			sourceTree = "<group>";
		};
/* End PBXGroup section */

/* Begin PBXNativeTarget section */
		861EBA47240F2EC900040661 /* TabMenuApp */ = {
			isa = PBXNativeTarget;
			buildConfigurationList = 861EBA5C240F2ED500040661 /* Build configuration list for PBXNativeTarget "TabMenuApp" */;
			buildPhases = (
				861EBA44240F2EC900040661 /* Sources */,
				861EBA45240F2EC900040661 /* Frameworks */,
				861EBA46240F2EC900040661 /* Resources */,
			);
			buildRules = (
			);
			dependencies = (
			);
			name = TabMenuApp;
			productName = TabMenuApp;
			productReference = 861EBA48240F2EC900040661 /* TabMenuApp.app */;
			productType = "com.apple.product-type.application";
		};
/* End PBXNativeTarget section */

/* Begin PBXProject section */
		861EBA40240F2EC900040661 /* Project object */ = {
			isa = PBXProject;
			attributes = {
				LastSwiftUpdateCheck = 1120;
				LastUpgradeCheck = 1120;
				ORGANIZATIONNAME = 601;
				TargetAttributes = {
					861EBA47240F2EC900040661 = {
						CreatedOnToolsVersion = 11.2.1;
					};
				};
			};
			buildConfigurationList = 861EBA43240F2EC900040661 /* Build configuration list for PBXProject "TabMenuApp" */;
			compatibilityVersion = "Xcode 9.3";
			developmentRegion = en;
			hasScannedForEncodings = 0;
			knownRegions = (
				en,
				Base,
			);
			mainGroup = 861EBA3F240F2EC900040661;
			productRefGroup = 861EBA49240F2EC900040661 /* Products */;
			projectDirPath = "";
			projectRoot = "";
			targets = (
				861EBA47240F2EC900040661 /* TabMenuApp */,
			);
		};
/* End PBXProject section */

/* Begin PBXResourcesBuildPhase section */
		861EBA46240F2EC900040661 /* Resources */ = {
			isa = PBXResourcesBuildPhase;
			buildActionMask = 2147483647;
			files = (
				861EBA58240F2ED500040661 /* LaunchScreen.storyboard in Resources */,
				861EBA55240F2ED500040661 /* Assets.xcassets in Resources */,
				861EBA53240F2EC900040661 /* Main.storyboard in Resources */,
			);
			runOnlyForDeploymentPostprocessing = 0;
		};
/* End PBXResourcesBuildPhase section */

/* Begin PBXSourcesBuildPhase section */
		861EBA44240F2EC900040661 /* Sources */ = {
			isa = PBXSourcesBuildPhase;
			buildActionMask = 2147483647;
			files = (
				861EBA60240F32B500040661 /* RedViewController.swift in Sources */,
				861EBA50240F2EC900040661 /* ViewController.swift in Sources */,
				861EBA66240F388600040661 /* BoardListController.swift in Sources */,
				861EBA4C240F2EC900040661 /* AppDelegate.swift in Sources */,
				861EBA4E240F2EC900040661 /* SceneDelegate.swift in Sources */,
				861EBA64240F330100040661 /* BlueViewController.swift in Sources */,
				861EBA62240F32E300040661 /* GreenViewController.swift in Sources */,
				861EBA68240F43A500040661 /* WriteController.swift in Sources */,
			);
			runOnlyForDeploymentPostprocessing = 0;
		};
/* End PBXSourcesBuildPhase section */

/* Begin PBXVariantGroup section */
		861EBA51240F2EC900040661 /* Main.storyboard */ = {
			isa = PBXVariantGroup;
			children = (
				861EBA52240F2EC900040661 /* Base */,
			);
			name = Main.storyboard;
			sourceTree = "<group>";
		};
		861EBA56240F2ED500040661 /* LaunchScreen.storyboard */ = {
			isa = PBXVariantGroup;
			children = (
				861EBA57240F2ED500040661 /* Base */,
			);
			name = LaunchScreen.storyboard;
			sourceTree = "<group>";
		};
/* End PBXVariantGroup section */

/* Begin XCBuildConfiguration section */
		861EBA5A240F2ED500040661 /* Debug */ = {
			isa = XCBuildConfiguration;
			buildSettings = {
				ALWAYS_SEARCH_USER_PATHS = NO;
				CLANG_ANALYZER_NONNULL = YES;
				CLANG_ANALYZER_NUMBER_OBJECT_CONVERSION = YES_AGGRESSIVE;
				CLANG_CXX_LANGUAGE_STANDARD = "gnu++14";
				CLANG_CXX_LIBRARY = "libc++";
				CLANG_ENABLE_MODULES = YES;
				CLANG_ENABLE_OBJC_ARC = YES;
				CLANG_ENABLE_OBJC_WEAK = YES;
				CLANG_WARN_BLOCK_CAPTURE_AUTORELEASING = YES;
				CLANG_WARN_BOOL_CONVERSION = YES;
				CLANG_WARN_COMMA = YES;
				CLANG_WARN_CONSTANT_CONVERSION = YES;
				CLANG_WARN_DEPRECATED_OBJC_IMPLEMENTATIONS = YES;
				CLANG_WARN_DIRECT_OBJC_ISA_USAGE = YES_ERROR;
				CLANG_WARN_DOCUMENTATION_COMMENTS = YES;
				CLANG_WARN_EMPTY_BODY = YES;
				CLANG_WARN_ENUM_CONVERSION = YES;
				CLANG_WARN_INFINITE_RECURSION = YES;
				CLANG_WARN_INT_CONVERSION = YES;
				CLANG_WARN_NON_LITERAL_NULL_CONVERSION = YES;
				CLANG_WARN_OBJC_IMPLICIT_RETAIN_SELF = YES;
				CLANG_WARN_OBJC_LITERAL_CONVERSION = YES;
				CLANG_WARN_OBJC_ROOT_CLASS = YES_ERROR;
				CLANG_WARN_RANGE_LOOP_ANALYSIS = YES;
				CLANG_WARN_STRICT_PROTOTYPES = YES;
				CLANG_WARN_SUSPICIOUS_MOVE = YES;
				CLANG_WARN_UNGUARDED_AVAILABILITY = YES_AGGRESSIVE;
				CLANG_WARN_UNREACHABLE_CODE = YES;
				CLANG_WARN__DUPLICATE_METHOD_MATCH = YES;
				COPY_PHASE_STRIP = NO;
				DEBUG_INFORMATION_FORMAT = dwarf;
				ENABLE_STRICT_OBJC_MSGSEND = YES;
				ENABLE_TESTABILITY = YES;
				GCC_C_LANGUAGE_STANDARD = gnu11;
				GCC_DYNAMIC_NO_PIC = NO;
				GCC_NO_COMMON_BLOCKS = YES;
				GCC_OPTIMIZATION_LEVEL = 0;
				GCC_PREPROCESSOR_DEFINITIONS = (
					"DEBUG=1",
					"$(inherited)",
				);
				GCC_WARN_64_TO_32_BIT_CONVERSION = YES;
				GCC_WARN_ABOUT_RETURN_TYPE = YES_ERROR;
				GCC_WARN_UNDECLARED_SELECTOR = YES;
				GCC_WARN_UNINITIALIZED_AUTOS = YES_AGGRESSIVE;
				GCC_WARN_UNUSED_FUNCTION = YES;
				GCC_WARN_UNUSED_VARIABLE = YES;
				IPHONEOS_DEPLOYMENT_TARGET = 13.2;
				MTL_ENABLE_DEBUG_INFO = INCLUDE_SOURCE;
				MTL_FAST_MATH = YES;
				ONLY_ACTIVE_ARCH = YES;
				SDKROOT = iphoneos;
				SWIFT_ACTIVE_COMPILATION_CONDITIONS = DEBUG;
				SWIFT_OPTIMIZATION_LEVEL = "-Onone";
			};
			name = Debug;
		};
		861EBA5B240F2ED500040661 /* Release */ = {
			isa = XCBuildConfiguration;
			buildSettings = {
				ALWAYS_SEARCH_USER_PATHS = NO;
				CLANG_ANALYZER_NONNULL = YES;
				CLANG_ANALYZER_NUMBER_OBJECT_CONVERSION = YES_AGGRESSIVE;
				CLANG_CXX_LANGUAGE_STANDARD = "gnu++14";
				CLANG_CXX_LIBRARY = "libc++";
				CLANG_ENABLE_MODULES = YES;
				CLANG_ENABLE_OBJC_ARC = YES;
				CLANG_ENABLE_OBJC_WEAK = YES;
				CLANG_WARN_BLOCK_CAPTURE_AUTORELEASING = YES;
				CLANG_WARN_BOOL_CONVERSION = YES;
				CLANG_WARN_COMMA = YES;
				CLANG_WARN_CONSTANT_CONVERSION = YES;
				CLANG_WARN_DEPRECATED_OBJC_IMPLEMENTATIONS = YES;
				CLANG_WARN_DIRECT_OBJC_ISA_USAGE = YES_ERROR;
				CLANG_WARN_DOCUMENTATION_COMMENTS = YES;
				CLANG_WARN_EMPTY_BODY = YES;
				CLANG_WARN_ENUM_CONVERSION = YES;
				CLANG_WARN_INFINITE_RECURSION = YES;
				CLANG_WARN_INT_CONVERSION = YES;
				CLANG_WARN_NON_LITERAL_NULL_CONVERSION = YES;
				CLANG_WARN_OBJC_IMPLICIT_RETAIN_SELF = YES;
				CLANG_WARN_OBJC_LITERAL_CONVERSION = YES;
				CLANG_WARN_OBJC_ROOT_CLASS = YES_ERROR;
				CLANG_WARN_RANGE_LOOP_ANALYSIS = YES;
				CLANG_WARN_STRICT_PROTOTYPES = YES;
				CLANG_WARN_SUSPICIOUS_MOVE = YES;
				CLANG_WARN_UNGUARDED_AVAILABILITY = YES_AGGRESSIVE;
				CLANG_WARN_UNREACHABLE_CODE = YES;
				CLANG_WARN__DUPLICATE_METHOD_MATCH = YES;
				COPY_PHASE_STRIP = NO;
				DEBUG_INFORMATION_FORMAT = "dwarf-with-dsym";
				ENABLE_NS_ASSERTIONS = NO;
				ENABLE_STRICT_OBJC_MSGSEND = YES;
				GCC_C_LANGUAGE_STANDARD = gnu11;
				GCC_NO_COMMON_BLOCKS = YES;
				GCC_WARN_64_TO_32_BIT_CONVERSION = YES;
				GCC_WARN_ABOUT_RETURN_TYPE = YES_ERROR;
				GCC_WARN_UNDECLARED_SELECTOR = YES;
				GCC_WARN_UNINITIALIZED_AUTOS = YES_AGGRESSIVE;
				GCC_WARN_UNUSED_FUNCTION = YES;
				GCC_WARN_UNUSED_VARIABLE = YES;
				IPHONEOS_DEPLOYMENT_TARGET = 13.2;
				MTL_ENABLE_DEBUG_INFO = NO;
				MTL_FAST_MATH = YES;
				SDKROOT = iphoneos;
				SWIFT_COMPILATION_MODE = wholemodule;
				SWIFT_OPTIMIZATION_LEVEL = "-O";
				VALIDATE_PRODUCT = YES;
			};
			name = Release;
		};
		861EBA5D240F2ED500040661 /* Debug */ = {
			isa = XCBuildConfiguration;
			buildSettings = {
				ASSETCATALOG_COMPILER_APPICON_NAME = AppIcon;
				CODE_SIGN_STYLE = Automatic;
				INFOPLIST_FILE = TabMenuApp/Info.plist;
				LD_RUNPATH_SEARCH_PATHS = (
					"$(inherited)",
					"@executable_path/Frameworks",
				);
				PRODUCT_BUNDLE_IDENTIFIER = com.tj.TabMenuApp;
				PRODUCT_NAME = "$(TARGET_NAME)";
				SWIFT_VERSION = 5.0;
				TARGETED_DEVICE_FAMILY = "1,2";
			};
			name = Debug;
		};
		861EBA5E240F2ED500040661 /* Release */ = {
			isa = XCBuildConfiguration;
			buildSettings = {
				ASSETCATALOG_COMPILER_APPICON_NAME = AppIcon;
				CODE_SIGN_STYLE = Automatic;
				INFOPLIST_FILE = TabMenuApp/Info.plist;
				LD_RUNPATH_SEARCH_PATHS = (
					"$(inherited)",
					"@executable_path/Frameworks",
				);
				PRODUCT_BUNDLE_IDENTIFIER = com.tj.TabMenuApp;
				PRODUCT_NAME = "$(TARGET_NAME)";
				SWIFT_VERSION = 5.0;
				TARGETED_DEVICE_FAMILY = "1,2";
			};
			name = Release;
		};
/* End XCBuildConfiguration section */

/* Begin XCConfigurationList section */
		861EBA43240F2EC900040661 /* Build configuration list for PBXProject "TabMenuApp" */ = {
			isa = XCConfigurationList;
			buildConfigurations = (
				861EBA5A240F2ED500040661 /* Debug */,
				861EBA5B240F2ED500040661 /* Release */,
			);
			defaultConfigurationIsVisible = 0;
			defaultConfigurationName = Release;
		};
		861EBA5C240F2ED500040661 /* Build configuration list for PBXNativeTarget "TabMenuApp" */ = {
			isa = XCConfigurationList;
			buildConfigurations = (
				861EBA5D240F2ED500040661 /* Debug */,
				861EBA5E240F2ED500040661 /* Release */,
			);
			defaultConfigurationIsVisible = 0;
			defaultConfigurationName = Release;
		};
/* End XCConfigurationList section */
	};
	rootObject = 861EBA40240F2EC900040661 /* Project object */;
}
