// !$*UTF8*$!
{
	archiveVersion = 1;
	classes = {
	};
	objectVersion = 50;
	objects = {

/* Begin PBXBuildFile section */
		864541092410817600DF92EF /* AppDelegate.swift in Sources */ = {isa = PBXBuildFile; fileRef = 864541082410817600DF92EF /* AppDelegate.swift */; };
		8645410B2410817600DF92EF /* SceneDelegate.swift in Sources */ = {isa = PBXBuildFile; fileRef = 8645410A2410817600DF92EF /* SceneDelegate.swift */; };
		8645410D2410817600DF92EF /* ViewController.swift in Sources */ = {isa = PBXBuildFile; fileRef = 8645410C2410817600DF92EF /* ViewController.swift */; };
		864541102410817600DF92EF /* Main.storyboard in Resources */ = {isa = PBXBuildFile; fileRef = 8645410E2410817600DF92EF /* Main.storyboard */; };
		864541122410818300DF92EF /* Assets.xcassets in Resources */ = {isa = PBXBuildFile; fileRef = 864541112410818300DF92EF /* Assets.xcassets */; };
		864541152410818300DF92EF /* LaunchScreen.storyboard in Resources */ = {isa = PBXBuildFile; fileRef = 864541132410818300DF92EF /* LaunchScreen.storyboard */; };
		8645411D2410845A00DF92EF /* MemberListController.swift in Sources */ = {isa = PBXBuildFile; fileRef = 8645411C2410845A00DF92EF /* MemberListController.swift */; };
		8645411F241084C700DF92EF /* DetailViewController.swift in Sources */ = {isa = PBXBuildFile; fileRef = 8645411E241084C700DF92EF /* DetailViewController.swift */; };
/* End PBXBuildFile section */

/* Begin PBXFileReference section */
		864541052410817600DF92EF /* TableCRUD.app */ = {isa = PBXFileReference; explicitFileType = wrapper.application; includeInIndex = 0; path = TableCRUD.app; sourceTree = BUILT_PRODUCTS_DIR; };
		864541082410817600DF92EF /* AppDelegate.swift */ = {isa = PBXFileReference; lastKnownFileType = sourcecode.swift; path = AppDelegate.swift; sourceTree = "<group>"; };
		8645410A2410817600DF92EF /* SceneDelegate.swift */ = {isa = PBXFileReference; lastKnownFileType = sourcecode.swift; path = SceneDelegate.swift; sourceTree = "<group>"; };
		8645410C2410817600DF92EF /* ViewController.swift */ = {isa = PBXFileReference; lastKnownFileType = sourcecode.swift; path = ViewController.swift; sourceTree = "<group>"; };
		8645410F2410817600DF92EF /* Base */ = {isa = PBXFileReference; lastKnownFileType = file.storyboard; name = Base; path = Base.lproj/Main.storyboard; sourceTree = "<group>"; };
		864541112410818300DF92EF /* Assets.xcassets */ = {isa = PBXFileReference; lastKnownFileType = folder.assetcatalog; path = Assets.xcassets; sourceTree = "<group>"; };
		864541142410818300DF92EF /* Base */ = {isa = PBXFileReference; lastKnownFileType = file.storyboard; name = Base; path = Base.lproj/LaunchScreen.storyboard; sourceTree = "<group>"; };
		864541162410818300DF92EF /* Info.plist */ = {isa = PBXFileReference; lastKnownFileType = text.plist.xml; path = Info.plist; sourceTree = "<group>"; };
		8645411C2410845A00DF92EF /* MemberListController.swift */ = {isa = PBXFileReference; lastKnownFileType = sourcecode.swift; path = MemberListController.swift; sourceTree = "<group>"; };
		8645411E241084C700DF92EF /* DetailViewController.swift */ = {isa = PBXFileReference; lastKnownFileType = sourcecode.swift; path = DetailViewController.swift; sourceTree = "<group>"; };
/* End PBXFileReference section */

/* Begin PBXFrameworksBuildPhase section */
		864541022410817600DF92EF /* Frameworks */ = {
			isa = PBXFrameworksBuildPhase;
			buildActionMask = 2147483647;
			files = (
			);
			runOnlyForDeploymentPostprocessing = 0;
		};
/* End PBXFrameworksBuildPhase section */

/* Begin PBXGroup section */
		864540FC2410817500DF92EF = {
			isa = PBXGroup;
			children = (
				864541072410817600DF92EF /* TableCRUD */,
				864541062410817600DF92EF /* Products */,
			);
			sourceTree = "<group>";
		};
		864541062410817600DF92EF /* Products */ = {
			isa = PBXGroup;
			children = (
				864541052410817600DF92EF /* TableCRUD.app */,
			);
			name = Products;
			sourceTree = "<group>";
		};
		864541072410817600DF92EF /* TableCRUD */ = {
			isa = PBXGroup;
			children = (
				864541082410817600DF92EF /* AppDelegate.swift */,
				8645410A2410817600DF92EF /* SceneDelegate.swift */,
				8645410C2410817600DF92EF /* ViewController.swift */,
				8645410E2410817600DF92EF /* Main.storyboard */,
				864541112410818300DF92EF /* Assets.xcassets */,
				864541132410818300DF92EF /* LaunchScreen.storyboard */,
				864541162410818300DF92EF /* Info.plist */,
				8645411C2410845A00DF92EF /* MemberListController.swift */,
				8645411E241084C700DF92EF /* DetailViewController.swift */,
			);
			path = TableCRUD;
			sourceTree = "<group>";
		};
/* End PBXGroup section */

/* Begin PBXNativeTarget section */
		864541042410817600DF92EF /* TableCRUD */ = {
			isa = PBXNativeTarget;
			buildConfigurationList = 864541192410818300DF92EF /* Build configuration list for PBXNativeTarget "TableCRUD" */;
			buildPhases = (
				864541012410817600DF92EF /* Sources */,
				864541022410817600DF92EF /* Frameworks */,
				864541032410817600DF92EF /* Resources */,
			);
			buildRules = (
			);
			dependencies = (
			);
			name = TableCRUD;
			productName = TableCRUD;
			productReference = 864541052410817600DF92EF /* TableCRUD.app */;
			productType = "com.apple.product-type.application";
		};
/* End PBXNativeTarget section */

/* Begin PBXProject section */
		864540FD2410817500DF92EF /* Project object */ = {
			isa = PBXProject;
			attributes = {
				LastSwiftUpdateCheck = 1120;
				LastUpgradeCheck = 1120;
				ORGANIZATIONNAME = 601;
				TargetAttributes = {
					864541042410817600DF92EF = {
						CreatedOnToolsVersion = 11.2.1;
					};
				};
			};
			buildConfigurationList = 864541002410817500DF92EF /* Build configuration list for PBXProject "TableCRUD" */;
			compatibilityVersion = "Xcode 9.3";
			developmentRegion = en;
			hasScannedForEncodings = 0;
			knownRegions = (
				en,
				Base,
			);
			mainGroup = 864540FC2410817500DF92EF;
			productRefGroup = 864541062410817600DF92EF /* Products */;
			projectDirPath = "";
			projectRoot = "";
			targets = (
				864541042410817600DF92EF /* TableCRUD */,
			);
		};
/* End PBXProject section */

/* Begin PBXResourcesBuildPhase section */
		864541032410817600DF92EF /* Resources */ = {
			isa = PBXResourcesBuildPhase;
			buildActionMask = 2147483647;
			files = (
				864541152410818300DF92EF /* LaunchScreen.storyboard in Resources */,
				864541122410818300DF92EF /* Assets.xcassets in Resources */,
				864541102410817600DF92EF /* Main.storyboard in Resources */,
			);
			runOnlyForDeploymentPostprocessing = 0;
		};
/* End PBXResourcesBuildPhase section */

/* Begin PBXSourcesBuildPhase section */
		864541012410817600DF92EF /* Sources */ = {
			isa = PBXSourcesBuildPhase;
			buildActionMask = 2147483647;
			files = (
				8645410D2410817600DF92EF /* ViewController.swift in Sources */,
				8645411D2410845A00DF92EF /* MemberListController.swift in Sources */,
				8645411F241084C700DF92EF /* DetailViewController.swift in Sources */,
				864541092410817600DF92EF /* AppDelegate.swift in Sources */,
				8645410B2410817600DF92EF /* SceneDelegate.swift in Sources */,
			);
			runOnlyForDeploymentPostprocessing = 0;
		};
/* End PBXSourcesBuildPhase section */

/* Begin PBXVariantGroup section */
		8645410E2410817600DF92EF /* Main.storyboard */ = {
			isa = PBXVariantGroup;
			children = (
				8645410F2410817600DF92EF /* Base */,
			);
			name = Main.storyboard;
			sourceTree = "<group>";
		};
		864541132410818300DF92EF /* LaunchScreen.storyboard */ = {
			isa = PBXVariantGroup;
			children = (
				864541142410818300DF92EF /* Base */,
			);
			name = LaunchScreen.storyboard;
			sourceTree = "<group>";
		};
/* End PBXVariantGroup section */

/* Begin XCBuildConfiguration section */
		864541172410818300DF92EF /* Debug */ = {
			isa = XCBuildConfiguration;
			buildSettings = {
				ALWAYS_SEARCH_USER_PATHS = NO;
				CLANG_ANALYZER_NONNULL = YES;
				CLANG_ANALYZER_NUMBER_OBJECT_CONVERSION = YES_AGGRESSIVE;
				CLANG_CXX_LANGUAGE_STANDARD = "gnu++14";
				CLANG_CXX_LIBRARY = "libc++";
				CLANG_ENABLE_MODULES = YES;
				CLANG_ENABLE_OBJC_ARC = YES;
				CLANG_ENABLE_OBJC_WEAK = YES;
				CLANG_WARN_BLOCK_CAPTURE_AUTORELEASING = YES;
				CLANG_WARN_BOOL_CONVERSION = YES;
				CLANG_WARN_COMMA = YES;
				CLANG_WARN_CONSTANT_CONVERSION = YES;
				CLANG_WARN_DEPRECATED_OBJC_IMPLEMENTATIONS = YES;
				CLANG_WARN_DIRECT_OBJC_ISA_USAGE = YES_ERROR;
				CLANG_WARN_DOCUMENTATION_COMMENTS = YES;
				CLANG_WARN_EMPTY_BODY = YES;
				CLANG_WARN_ENUM_CONVERSION = YES;
				CLANG_WARN_INFINITE_RECURSION = YES;
				CLANG_WARN_INT_CONVERSION = YES;
				CLANG_WARN_NON_LITERAL_NULL_CONVERSION = YES;
				CLANG_WARN_OBJC_IMPLICIT_RETAIN_SELF = YES;
				CLANG_WARN_OBJC_LITERAL_CONVERSION = YES;
				CLANG_WARN_OBJC_ROOT_CLASS = YES_ERROR;
				CLANG_WARN_RANGE_LOOP_ANALYSIS = YES;
				CLANG_WARN_STRICT_PROTOTYPES = YES;
				CLANG_WARN_SUSPICIOUS_MOVE = YES;
				CLANG_WARN_UNGUARDED_AVAILABILITY = YES_AGGRESSIVE;
				CLANG_WARN_UNREACHABLE_CODE = YES;
				CLANG_WARN__DUPLICATE_METHOD_MATCH = YES;
				COPY_PHASE_STRIP = NO;
				DEBUG_INFORMATION_FORMAT = dwarf;
				ENABLE_STRICT_OBJC_MSGSEND = YES;
				ENABLE_TESTABILITY = YES;
				GCC_C_LANGUAGE_STANDARD = gnu11;
				GCC_DYNAMIC_NO_PIC = NO;
				GCC_NO_COMMON_BLOCKS = YES;
				GCC_OPTIMIZATION_LEVEL = 0;
				GCC_PREPROCESSOR_DEFINITIONS = (
					"DEBUG=1",
					"$(inherited)",
				);
				GCC_WARN_64_TO_32_BIT_CONVERSION = YES;
				GCC_WARN_ABOUT_RETURN_TYPE = YES_ERROR;
				GCC_WARN_UNDECLARED_SELECTOR = YES;
				GCC_WARN_UNINITIALIZED_AUTOS = YES_AGGRESSIVE;
				GCC_WARN_UNUSED_FUNCTION = YES;
				GCC_WARN_UNUSED_VARIABLE = YES;
				IPHONEOS_DEPLOYMENT_TARGET = 13.2;
				MTL_ENABLE_DEBUG_INFO = INCLUDE_SOURCE;
				MTL_FAST_MATH = YES;
				ONLY_ACTIVE_ARCH = YES;
				SDKROOT = iphoneos;
				SWIFT_ACTIVE_COMPILATION_CONDITIONS = DEBUG;
				SWIFT_OPTIMIZATION_LEVEL = "-Onone";
			};
			name = Debug;
		};
		864541182410818300DF92EF /* Release */ = {
			isa = XCBuildConfiguration;
			buildSettings = {
				ALWAYS_SEARCH_USER_PATHS = NO;
				CLANG_ANALYZER_NONNULL = YES;
				CLANG_ANALYZER_NUMBER_OBJECT_CONVERSION = YES_AGGRESSIVE;
				CLANG_CXX_LANGUAGE_STANDARD = "gnu++14";
				CLANG_CXX_LIBRARY = "libc++";
				CLANG_ENABLE_MODULES = YES;
				CLANG_ENABLE_OBJC_ARC = YES;
				CLANG_ENABLE_OBJC_WEAK = YES;
				CLANG_WARN_BLOCK_CAPTURE_AUTORELEASING = YES;
				CLANG_WARN_BOOL_CONVERSION = YES;
				CLANG_WARN_COMMA = YES;
				CLANG_WARN_CONSTANT_CONVERSION = YES;
				CLANG_WARN_DEPRECATED_OBJC_IMPLEMENTATIONS = YES;
				CLANG_WARN_DIRECT_OBJC_ISA_USAGE = YES_ERROR;
				CLANG_WARN_DOCUMENTATION_COMMENTS = YES;
				CLANG_WARN_EMPTY_BODY = YES;
				CLANG_WARN_ENUM_CONVERSION = YES;
				CLANG_WARN_INFINITE_RECURSION = YES;
				CLANG_WARN_INT_CONVERSION = YES;
				CLANG_WARN_NON_LITERAL_NULL_CONVERSION = YES;
				CLANG_WARN_OBJC_IMPLICIT_RETAIN_SELF = YES;
				CLANG_WARN_OBJC_LITERAL_CONVERSION = YES;
				CLANG_WARN_OBJC_ROOT_CLASS = YES_ERROR;
				CLANG_WARN_RANGE_LOOP_ANALYSIS = YES;
				CLANG_WARN_STRICT_PROTOTYPES = YES;
				CLANG_WARN_SUSPICIOUS_MOVE = YES;
				CLANG_WARN_UNGUARDED_AVAILABILITY = YES_AGGRESSIVE;
				CLANG_WARN_UNREACHABLE_CODE = YES;
				CLANG_WARN__DUPLICATE_METHOD_MATCH = YES;
				COPY_PHASE_STRIP = NO;
				DEBUG_INFORMATION_FORMAT = "dwarf-with-dsym";
				ENABLE_NS_ASSERTIONS = NO;
				ENABLE_STRICT_OBJC_MSGSEND = YES;
				GCC_C_LANGUAGE_STANDARD = gnu11;
				GCC_NO_COMMON_BLOCKS = YES;
				GCC_WARN_64_TO_32_BIT_CONVERSION = YES;
				GCC_WARN_ABOUT_RETURN_TYPE = YES_ERROR;
				GCC_WARN_UNDECLARED_SELECTOR = YES;
				GCC_WARN_UNINITIALIZED_AUTOS = YES_AGGRESSIVE;
				GCC_WARN_UNUSED_FUNCTION = YES;
				GCC_WARN_UNUSED_VARIABLE = YES;
				IPHONEOS_DEPLOYMENT_TARGET = 13.2;
				MTL_ENABLE_DEBUG_INFO = NO;
				MTL_FAST_MATH = YES;
				SDKROOT = iphoneos;
				SWIFT_COMPILATION_MODE = wholemodule;
				SWIFT_OPTIMIZATION_LEVEL = "-O";
				VALIDATE_PRODUCT = YES;
			};
			name = Release;
		};
		8645411A2410818300DF92EF /* Debug */ = {
			isa = XCBuildConfiguration;
			buildSettings = {
				ASSETCATALOG_COMPILER_APPICON_NAME = AppIcon;
				CODE_SIGN_STYLE = Automatic;
				INFOPLIST_FILE = TableCRUD/Info.plist;
				LD_RUNPATH_SEARCH_PATHS = (
					"$(inherited)",
					"@executable_path/Frameworks",
				);
				PRODUCT_BUNDLE_IDENTIFIER = com.tj.TableCRUD;
				PRODUCT_NAME = "$(TARGET_NAME)";
				SWIFT_VERSION = 5.0;
				TARGETED_DEVICE_FAMILY = "1,2";
			};
			name = Debug;
		};
		8645411B2410818300DF92EF /* Release */ = {
			isa = XCBuildConfiguration;
			buildSettings = {
				ASSETCATALOG_COMPILER_APPICON_NAME = AppIcon;
				CODE_SIGN_STYLE = Automatic;
				INFOPLIST_FILE = TableCRUD/Info.plist;
				LD_RUNPATH_SEARCH_PATHS = (
					"$(inherited)",
					"@executable_path/Frameworks",
				);
				PRODUCT_BUNDLE_IDENTIFIER = com.tj.TableCRUD;
				PRODUCT_NAME = "$(TARGET_NAME)";
				SWIFT_VERSION = 5.0;
				TARGETED_DEVICE_FAMILY = "1,2";
			};
			name = Release;
		};
/* End XCBuildConfiguration section */

/* Begin XCConfigurationList section */
		864541002410817500DF92EF /* Build configuration list for PBXProject "TableCRUD" */ = {
			isa = XCConfigurationList;
			buildConfigurations = (
				864541172410818300DF92EF /* Debug */,
				864541182410818300DF92EF /* Release */,
			);
			defaultConfigurationIsVisible = 0;
			defaultConfigurationName = Release;
		};
		864541192410818300DF92EF /* Build configuration list for PBXNativeTarget "TableCRUD" */ = {
			isa = XCConfigurationList;
			buildConfigurations = (
				8645411A2410818300DF92EF /* Debug */,
				8645411B2410818300DF92EF /* Release */,
			);
			defaultConfigurationIsVisible = 0;
			defaultConfigurationName = Release;
		};
/* End XCConfigurationList section */
	};
	rootObject = 864540FD2410817500DF92EF /* Project object */;
}
