// !$*UTF8*$!
{
	archiveVersion = 1;
	classes = {
	};
	objectVersion = 50;
	objects = {

/* Begin PBXBuildFile section */
		86EBE3C9240618D3006C1363 /* AppDelegate.swift in Sources */ = {isa = PBXBuildFile; fileRef = 86EBE3C8240618D3006C1363 /* AppDelegate.swift */; };
		86EBE3CB240618D3006C1363 /* SceneDelegate.swift in Sources */ = {isa = PBXBuildFile; fileRef = 86EBE3CA240618D3006C1363 /* SceneDelegate.swift */; };
		86EBE3CD240618D3006C1363 /* ViewController.swift in Sources */ = {isa = PBXBuildFile; fileRef = 86EBE3CC240618D3006C1363 /* ViewController.swift */; };
		86EBE3D0240618D3006C1363 /* Main.storyboard in Resources */ = {isa = PBXBuildFile; fileRef = 86EBE3CE240618D3006C1363 /* Main.storyboard */; };
		86EBE3D2240618F0006C1363 /* Assets.xcassets in Resources */ = {isa = PBXBuildFile; fileRef = 86EBE3D1240618F0006C1363 /* Assets.xcassets */; };
		86EBE3D5240618F0006C1363 /* LaunchScreen.storyboard in Resources */ = {isa = PBXBuildFile; fileRef = 86EBE3D3240618F0006C1363 /* LaunchScreen.storyboard */; };
		86EBE3EC2406191E006C1363 /* 7.jpg in Resources */ = {isa = PBXBuildFile; fileRef = 86EBE3DD2406191D006C1363 /* 7.jpg */; };
		86EBE3ED2406191E006C1363 /* 11.jpg in Resources */ = {isa = PBXBuildFile; fileRef = 86EBE3DE2406191D006C1363 /* 11.jpg */; };
		86EBE3EE2406191E006C1363 /* 10.jpg in Resources */ = {isa = PBXBuildFile; fileRef = 86EBE3DF2406191D006C1363 /* 10.jpg */; };
		86EBE3EF2406191E006C1363 /* corse.png in Resources */ = {isa = PBXBuildFile; fileRef = 86EBE3E02406191D006C1363 /* corse.png */; };
		86EBE3F02406191E006C1363 /* 12.png in Resources */ = {isa = PBXBuildFile; fileRef = 86EBE3E12406191D006C1363 /* 12.png */; };
		86EBE3F12406191E006C1363 /* 13.gif in Resources */ = {isa = PBXBuildFile; fileRef = 86EBE3E22406191E006C1363 /* 13.gif */; };
		86EBE3F22406191E006C1363 /* 1.png in Resources */ = {isa = PBXBuildFile; fileRef = 86EBE3E32406191E006C1363 /* 1.png */; };
		86EBE3F32406191E006C1363 /* 5.jpg in Resources */ = {isa = PBXBuildFile; fileRef = 86EBE3E42406191E006C1363 /* 5.jpg */; };
		86EBE3F42406191E006C1363 /* 8.gif in Resources */ = {isa = PBXBuildFile; fileRef = 86EBE3E52406191E006C1363 /* 8.gif */; };
		86EBE3F52406191E006C1363 /* 9.png in Resources */ = {isa = PBXBuildFile; fileRef = 86EBE3E62406191E006C1363 /* 9.png */; };
		86EBE3F62406191E006C1363 /* 6.png in Resources */ = {isa = PBXBuildFile; fileRef = 86EBE3E72406191E006C1363 /* 6.png */; };
		86EBE3F72406191E006C1363 /* 2.jpg in Resources */ = {isa = PBXBuildFile; fileRef = 86EBE3E82406191E006C1363 /* 2.jpg */; };
		86EBE3F82406191E006C1363 /* 국가명힌트.txt in Resources */ = {isa = PBXBuildFile; fileRef = 86EBE3E92406191E006C1363 /* 국가명힌트.txt */; };
		86EBE3F92406191E006C1363 /* 4.png in Resources */ = {isa = PBXBuildFile; fileRef = 86EBE3EA2406191E006C1363 /* 4.png */; };
		86EBE3FA2406191E006C1363 /* 3.jpg in Resources */ = {isa = PBXBuildFile; fileRef = 86EBE3EB2406191E006C1363 /* 3.jpg */; };
/* End PBXBuildFile section */

/* Begin PBXFileReference section */
		86EBE3C5240618D2006C1363 /* NationInfo.app */ = {isa = PBXFileReference; explicitFileType = wrapper.application; includeInIndex = 0; path = NationInfo.app; sourceTree = BUILT_PRODUCTS_DIR; };
		86EBE3C8240618D3006C1363 /* AppDelegate.swift */ = {isa = PBXFileReference; lastKnownFileType = sourcecode.swift; path = AppDelegate.swift; sourceTree = "<group>"; };
		86EBE3CA240618D3006C1363 /* SceneDelegate.swift */ = {isa = PBXFileReference; lastKnownFileType = sourcecode.swift; path = SceneDelegate.swift; sourceTree = "<group>"; };
		86EBE3CC240618D3006C1363 /* ViewController.swift */ = {isa = PBXFileReference; lastKnownFileType = sourcecode.swift; path = ViewController.swift; sourceTree = "<group>"; };
		86EBE3CF240618D3006C1363 /* Base */ = {isa = PBXFileReference; lastKnownFileType = file.storyboard; name = Base; path = Base.lproj/Main.storyboard; sourceTree = "<group>"; };
		86EBE3D1240618F0006C1363 /* Assets.xcassets */ = {isa = PBXFileReference; lastKnownFileType = folder.assetcatalog; path = Assets.xcassets; sourceTree = "<group>"; };
		86EBE3D4240618F0006C1363 /* Base */ = {isa = PBXFileReference; lastKnownFileType = file.storyboard; name = Base; path = Base.lproj/LaunchScreen.storyboard; sourceTree = "<group>"; };
		86EBE3D6240618F0006C1363 /* Info.plist */ = {isa = PBXFileReference; lastKnownFileType = text.plist.xml; path = Info.plist; sourceTree = "<group>"; };
		86EBE3DD2406191D006C1363 /* 7.jpg */ = {isa = PBXFileReference; lastKnownFileType = image.jpeg; path = 7.jpg; sourceTree = "<group>"; };
		86EBE3DE2406191D006C1363 /* 11.jpg */ = {isa = PBXFileReference; lastKnownFileType = image.jpeg; path = 11.jpg; sourceTree = "<group>"; };
		86EBE3DF2406191D006C1363 /* 10.jpg */ = {isa = PBXFileReference; lastKnownFileType = image.jpeg; path = 10.jpg; sourceTree = "<group>"; };
		86EBE3E02406191D006C1363 /* corse.png */ = {isa = PBXFileReference; lastKnownFileType = image.png; path = corse.png; sourceTree = "<group>"; };
		86EBE3E12406191D006C1363 /* 12.png */ = {isa = PBXFileReference; lastKnownFileType = image.png; path = 12.png; sourceTree = "<group>"; };
		86EBE3E22406191E006C1363 /* 13.gif */ = {isa = PBXFileReference; lastKnownFileType = image.gif; path = 13.gif; sourceTree = "<group>"; };
		86EBE3E32406191E006C1363 /* 1.png */ = {isa = PBXFileReference; lastKnownFileType = image.png; path = 1.png; sourceTree = "<group>"; };
		86EBE3E42406191E006C1363 /* 5.jpg */ = {isa = PBXFileReference; lastKnownFileType = image.jpeg; path = 5.jpg; sourceTree = "<group>"; };
		86EBE3E52406191E006C1363 /* 8.gif */ = {isa = PBXFileReference; lastKnownFileType = image.gif; path = 8.gif; sourceTree = "<group>"; };
		86EBE3E62406191E006C1363 /* 9.png */ = {isa = PBXFileReference; lastKnownFileType = image.png; path = 9.png; sourceTree = "<group>"; };
		86EBE3E72406191E006C1363 /* 6.png */ = {isa = PBXFileReference; lastKnownFileType = image.png; path = 6.png; sourceTree = "<group>"; };
		86EBE3E82406191E006C1363 /* 2.jpg */ = {isa = PBXFileReference; lastKnownFileType = image.jpeg; path = 2.jpg; sourceTree = "<group>"; };
		86EBE3E92406191E006C1363 /* 국가명힌트.txt */ = {isa = PBXFileReference; fileEncoding = 4; lastKnownFileType = text; path = "국가명힌트.txt"; sourceTree = "<group>"; };
		86EBE3EA2406191E006C1363 /* 4.png */ = {isa = PBXFileReference; lastKnownFileType = image.png; path = 4.png; sourceTree = "<group>"; };
		86EBE3EB2406191E006C1363 /* 3.jpg */ = {isa = PBXFileReference; lastKnownFileType = image.jpeg; path = 3.jpg; sourceTree = "<group>"; };
/* End PBXFileReference section */

/* Begin PBXFrameworksBuildPhase section */
		86EBE3C2240618D2006C1363 /* Frameworks */ = {
			isa = PBXFrameworksBuildPhase;
			buildActionMask = 2147483647;
			files = (
			);
			runOnlyForDeploymentPostprocessing = 0;
		};
/* End PBXFrameworksBuildPhase section */

/* Begin PBXGroup section */
		86EBE3BC240618D2006C1363 = {
			isa = PBXGroup;
			children = (
				86EBE3DC2406190A006C1363 /* imges */,
				86EBE3C7240618D2006C1363 /* NationInfo */,
				86EBE3C6240618D2006C1363 /* Products */,
			);
			sourceTree = "<group>";
		};
		86EBE3C6240618D2006C1363 /* Products */ = {
			isa = PBXGroup;
			children = (
				86EBE3C5240618D2006C1363 /* NationInfo.app */,
			);
			name = Products;
			sourceTree = "<group>";
		};
		86EBE3C7240618D2006C1363 /* NationInfo */ = {
			isa = PBXGroup;
			children = (
				86EBE3C8240618D3006C1363 /* AppDelegate.swift */,
				86EBE3CA240618D3006C1363 /* SceneDelegate.swift */,
				86EBE3CC240618D3006C1363 /* ViewController.swift */,
				86EBE3CE240618D3006C1363 /* Main.storyboard */,
				86EBE3D1240618F0006C1363 /* Assets.xcassets */,
				86EBE3D3240618F0006C1363 /* LaunchScreen.storyboard */,
				86EBE3D6240618F0006C1363 /* Info.plist */,
			);
			path = NationInfo;
			sourceTree = "<group>";
		};
		86EBE3DC2406190A006C1363 /* imges */ = {
			isa = PBXGroup;
			children = (
				86EBE3E32406191E006C1363 /* 1.png */,
				86EBE3E82406191E006C1363 /* 2.jpg */,
				86EBE3EB2406191E006C1363 /* 3.jpg */,
				86EBE3EA2406191E006C1363 /* 4.png */,
				86EBE3E42406191E006C1363 /* 5.jpg */,
				86EBE3E72406191E006C1363 /* 6.png */,
				86EBE3DD2406191D006C1363 /* 7.jpg */,
				86EBE3E52406191E006C1363 /* 8.gif */,
				86EBE3E62406191E006C1363 /* 9.png */,
				86EBE3DF2406191D006C1363 /* 10.jpg */,
				86EBE3DE2406191D006C1363 /* 11.jpg */,
				86EBE3E12406191D006C1363 /* 12.png */,
				86EBE3E22406191E006C1363 /* 13.gif */,
				86EBE3E92406191E006C1363 /* 국가명힌트.txt */,
				86EBE3E02406191D006C1363 /* corse.png */,
			);
			path = imges;
			sourceTree = "<group>";
		};
/* End PBXGroup section */

/* Begin PBXNativeTarget section */
		86EBE3C4240618D2006C1363 /* NationInfo */ = {
			isa = PBXNativeTarget;
			buildConfigurationList = 86EBE3D9240618F0006C1363 /* Build configuration list for PBXNativeTarget "NationInfo" */;
			buildPhases = (
				86EBE3C1240618D2006C1363 /* Sources */,
				86EBE3C2240618D2006C1363 /* Frameworks */,
				86EBE3C3240618D2006C1363 /* Resources */,
			);
			buildRules = (
			);
			dependencies = (
			);
			name = NationInfo;
			productName = NationInfo;
			productReference = 86EBE3C5240618D2006C1363 /* NationInfo.app */;
			productType = "com.apple.product-type.application";
		};
/* End PBXNativeTarget section */

/* Begin PBXProject section */
		86EBE3BD240618D2006C1363 /* Project object */ = {
			isa = PBXProject;
			attributes = {
				LastSwiftUpdateCheck = 1120;
				LastUpgradeCheck = 1120;
				ORGANIZATIONNAME = 601;
				TargetAttributes = {
					86EBE3C4240618D2006C1363 = {
						CreatedOnToolsVersion = 11.2.1;
					};
				};
			};
			buildConfigurationList = 86EBE3C0240618D2006C1363 /* Build configuration list for PBXProject "NationInfo" */;
			compatibilityVersion = "Xcode 9.3";
			developmentRegion = en;
			hasScannedForEncodings = 0;
			knownRegions = (
				en,
				Base,
			);
			mainGroup = 86EBE3BC240618D2006C1363;
			productRefGroup = 86EBE3C6240618D2006C1363 /* Products */;
			projectDirPath = "";
			projectRoot = "";
			targets = (
				86EBE3C4240618D2006C1363 /* NationInfo */,
			);
		};
/* End PBXProject section */

/* Begin PBXResourcesBuildPhase section */
		86EBE3C3240618D2006C1363 /* Resources */ = {
			isa = PBXResourcesBuildPhase;
			buildActionMask = 2147483647;
			files = (
				86EBE3F62406191E006C1363 /* 6.png in Resources */,
				86EBE3F32406191E006C1363 /* 5.jpg in Resources */,
				86EBE3ED2406191E006C1363 /* 11.jpg in Resources */,
				86EBE3D5240618F0006C1363 /* LaunchScreen.storyboard in Resources */,
				86EBE3F92406191E006C1363 /* 4.png in Resources */,
				86EBE3F82406191E006C1363 /* 국가명힌트.txt in Resources */,
				86EBE3D2240618F0006C1363 /* Assets.xcassets in Resources */,
				86EBE3F52406191E006C1363 /* 9.png in Resources */,
				86EBE3EF2406191E006C1363 /* corse.png in Resources */,
				86EBE3FA2406191E006C1363 /* 3.jpg in Resources */,
				86EBE3F12406191E006C1363 /* 13.gif in Resources */,
				86EBE3F02406191E006C1363 /* 12.png in Resources */,
				86EBE3D0240618D3006C1363 /* Main.storyboard in Resources */,
				86EBE3EE2406191E006C1363 /* 10.jpg in Resources */,
				86EBE3F42406191E006C1363 /* 8.gif in Resources */,
				86EBE3F72406191E006C1363 /* 2.jpg in Resources */,
				86EBE3EC2406191E006C1363 /* 7.jpg in Resources */,
				86EBE3F22406191E006C1363 /* 1.png in Resources */,
			);
			runOnlyForDeploymentPostprocessing = 0;
		};
/* End PBXResourcesBuildPhase section */

/* Begin PBXSourcesBuildPhase section */
		86EBE3C1240618D2006C1363 /* Sources */ = {
			isa = PBXSourcesBuildPhase;
			buildActionMask = 2147483647;
			files = (
				86EBE3CD240618D3006C1363 /* ViewController.swift in Sources */,
				86EBE3C9240618D3006C1363 /* AppDelegate.swift in Sources */,
				86EBE3CB240618D3006C1363 /* SceneDelegate.swift in Sources */,
			);
			runOnlyForDeploymentPostprocessing = 0;
		};
/* End PBXSourcesBuildPhase section */

/* Begin PBXVariantGroup section */
		86EBE3CE240618D3006C1363 /* Main.storyboard */ = {
			isa = PBXVariantGroup;
			children = (
				86EBE3CF240618D3006C1363 /* Base */,
			);
			name = Main.storyboard;
			sourceTree = "<group>";
		};
		86EBE3D3240618F0006C1363 /* LaunchScreen.storyboard */ = {
			isa = PBXVariantGroup;
			children = (
				86EBE3D4240618F0006C1363 /* Base */,
			);
			name = LaunchScreen.storyboard;
			sourceTree = "<group>";
		};
/* End PBXVariantGroup section */

/* Begin XCBuildConfiguration section */
		86EBE3D7240618F0006C1363 /* Debug */ = {
			isa = XCBuildConfiguration;
			buildSettings = {
				ALWAYS_SEARCH_USER_PATHS = NO;
				CLANG_ANALYZER_NONNULL = YES;
				CLANG_ANALYZER_NUMBER_OBJECT_CONVERSION = YES_AGGRESSIVE;
				CLANG_CXX_LANGUAGE_STANDARD = "gnu++14";
				CLANG_CXX_LIBRARY = "libc++";
				CLANG_ENABLE_MODULES = YES;
				CLANG_ENABLE_OBJC_ARC = YES;
				CLANG_ENABLE_OBJC_WEAK = YES;
				CLANG_WARN_BLOCK_CAPTURE_AUTORELEASING = YES;
				CLANG_WARN_BOOL_CONVERSION = YES;
				CLANG_WARN_COMMA = YES;
				CLANG_WARN_CONSTANT_CONVERSION = YES;
				CLANG_WARN_DEPRECATED_OBJC_IMPLEMENTATIONS = YES;
				CLANG_WARN_DIRECT_OBJC_ISA_USAGE = YES_ERROR;
				CLANG_WARN_DOCUMENTATION_COMMENTS = YES;
				CLANG_WARN_EMPTY_BODY = YES;
				CLANG_WARN_ENUM_CONVERSION = YES;
				CLANG_WARN_INFINITE_RECURSION = YES;
				CLANG_WARN_INT_CONVERSION = YES;
				CLANG_WARN_NON_LITERAL_NULL_CONVERSION = YES;
				CLANG_WARN_OBJC_IMPLICIT_RETAIN_SELF = YES;
				CLANG_WARN_OBJC_LITERAL_CONVERSION = YES;
				CLANG_WARN_OBJC_ROOT_CLASS = YES_ERROR;
				CLANG_WARN_RANGE_LOOP_ANALYSIS = YES;
				CLANG_WARN_STRICT_PROTOTYPES = YES;
				CLANG_WARN_SUSPICIOUS_MOVE = YES;
				CLANG_WARN_UNGUARDED_AVAILABILITY = YES_AGGRESSIVE;
				CLANG_WARN_UNREACHABLE_CODE = YES;
				CLANG_WARN__DUPLICATE_METHOD_MATCH = YES;
				COPY_PHASE_STRIP = NO;
				DEBUG_INFORMATION_FORMAT = dwarf;
				ENABLE_STRICT_OBJC_MSGSEND = YES;
				ENABLE_TESTABILITY = YES;
				GCC_C_LANGUAGE_STANDARD = gnu11;
				GCC_DYNAMIC_NO_PIC = NO;
				GCC_NO_COMMON_BLOCKS = YES;
				GCC_OPTIMIZATION_LEVEL = 0;
				GCC_PREPROCESSOR_DEFINITIONS = (
					"DEBUG=1",
					"$(inherited)",
				);
				GCC_WARN_64_TO_32_BIT_CONVERSION = YES;
				GCC_WARN_ABOUT_RETURN_TYPE = YES_ERROR;
				GCC_WARN_UNDECLARED_SELECTOR = YES;
				GCC_WARN_UNINITIALIZED_AUTOS = YES_AGGRESSIVE;
				GCC_WARN_UNUSED_FUNCTION = YES;
				GCC_WARN_UNUSED_VARIABLE = YES;
				IPHONEOS_DEPLOYMENT_TARGET = 13.2;
				MTL_ENABLE_DEBUG_INFO = INCLUDE_SOURCE;
				MTL_FAST_MATH = YES;
				ONLY_ACTIVE_ARCH = YES;
				SDKROOT = iphoneos;
				SWIFT_ACTIVE_COMPILATION_CONDITIONS = DEBUG;
				SWIFT_OPTIMIZATION_LEVEL = "-Onone";
			};
			name = Debug;
		};
		86EBE3D8240618F0006C1363 /* Release */ = {
			isa = XCBuildConfiguration;
			buildSettings = {
				ALWAYS_SEARCH_USER_PATHS = NO;
				CLANG_ANALYZER_NONNULL = YES;
				CLANG_ANALYZER_NUMBER_OBJECT_CONVERSION = YES_AGGRESSIVE;
				CLANG_CXX_LANGUAGE_STANDARD = "gnu++14";
				CLANG_CXX_LIBRARY = "libc++";
				CLANG_ENABLE_MODULES = YES;
				CLANG_ENABLE_OBJC_ARC = YES;
				CLANG_ENABLE_OBJC_WEAK = YES;
				CLANG_WARN_BLOCK_CAPTURE_AUTORELEASING = YES;
				CLANG_WARN_BOOL_CONVERSION = YES;
				CLANG_WARN_COMMA = YES;
				CLANG_WARN_CONSTANT_CONVERSION = YES;
				CLANG_WARN_DEPRECATED_OBJC_IMPLEMENTATIONS = YES;
				CLANG_WARN_DIRECT_OBJC_ISA_USAGE = YES_ERROR;
				CLANG_WARN_DOCUMENTATION_COMMENTS = YES;
				CLANG_WARN_EMPTY_BODY = YES;
				CLANG_WARN_ENUM_CONVERSION = YES;
				CLANG_WARN_INFINITE_RECURSION = YES;
				CLANG_WARN_INT_CONVERSION = YES;
				CLANG_WARN_NON_LITERAL_NULL_CONVERSION = YES;
				CLANG_WARN_OBJC_IMPLICIT_RETAIN_SELF = YES;
				CLANG_WARN_OBJC_LITERAL_CONVERSION = YES;
				CLANG_WARN_OBJC_ROOT_CLASS = YES_ERROR;
				CLANG_WARN_RANGE_LOOP_ANALYSIS = YES;
				CLANG_WARN_STRICT_PROTOTYPES = YES;
				CLANG_WARN_SUSPICIOUS_MOVE = YES;
				CLANG_WARN_UNGUARDED_AVAILABILITY = YES_AGGRESSIVE;
				CLANG_WARN_UNREACHABLE_CODE = YES;
				CLANG_WARN__DUPLICATE_METHOD_MATCH = YES;
				COPY_PHASE_STRIP = NO;
				DEBUG_INFORMATION_FORMAT = "dwarf-with-dsym";
				ENABLE_NS_ASSERTIONS = NO;
				ENABLE_STRICT_OBJC_MSGSEND = YES;
				GCC_C_LANGUAGE_STANDARD = gnu11;
				GCC_NO_COMMON_BLOCKS = YES;
				GCC_WARN_64_TO_32_BIT_CONVERSION = YES;
				GCC_WARN_ABOUT_RETURN_TYPE = YES_ERROR;
				GCC_WARN_UNDECLARED_SELECTOR = YES;
				GCC_WARN_UNINITIALIZED_AUTOS = YES_AGGRESSIVE;
				GCC_WARN_UNUSED_FUNCTION = YES;
				GCC_WARN_UNUSED_VARIABLE = YES;
				IPHONEOS_DEPLOYMENT_TARGET = 13.2;
				MTL_ENABLE_DEBUG_INFO = NO;
				MTL_FAST_MATH = YES;
				SDKROOT = iphoneos;
				SWIFT_COMPILATION_MODE = wholemodule;
				SWIFT_OPTIMIZATION_LEVEL = "-O";
				VALIDATE_PRODUCT = YES;
			};
			name = Release;
		};
		86EBE3DA240618F0006C1363 /* Debug */ = {
			isa = XCBuildConfiguration;
			buildSettings = {
				ASSETCATALOG_COMPILER_APPICON_NAME = AppIcon;
				CODE_SIGN_STYLE = Automatic;
				INFOPLIST_FILE = NationInfo/Info.plist;
				LD_RUNPATH_SEARCH_PATHS = (
					"$(inherited)",
					"@executable_path/Frameworks",
				);
				PRODUCT_BUNDLE_IDENTIFIER = com.tj.NationInfo;
				PRODUCT_NAME = "$(TARGET_NAME)";
				SWIFT_VERSION = 5.0;
				TARGETED_DEVICE_FAMILY = "1,2";
			};
			name = Debug;
		};
		86EBE3DB240618F0006C1363 /* Release */ = {
			isa = XCBuildConfiguration;
			buildSettings = {
				ASSETCATALOG_COMPILER_APPICON_NAME = AppIcon;
				CODE_SIGN_STYLE = Automatic;
				INFOPLIST_FILE = NationInfo/Info.plist;
				LD_RUNPATH_SEARCH_PATHS = (
					"$(inherited)",
					"@executable_path/Frameworks",
				);
				PRODUCT_BUNDLE_IDENTIFIER = com.tj.NationInfo;
				PRODUCT_NAME = "$(TARGET_NAME)";
				SWIFT_VERSION = 5.0;
				TARGETED_DEVICE_FAMILY = "1,2";
			};
			name = Release;
		};
/* End XCBuildConfiguration section */

/* Begin XCConfigurationList section */
		86EBE3C0240618D2006C1363 /* Build configuration list for PBXProject "NationInfo" */ = {
			isa = XCConfigurationList;
			buildConfigurations = (
				86EBE3D7240618F0006C1363 /* Debug */,
				86EBE3D8240618F0006C1363 /* Release */,
			);
			defaultConfigurationIsVisible = 0;
			defaultConfigurationName = Release;
		};
		86EBE3D9240618F0006C1363 /* Build configuration list for PBXNativeTarget "NationInfo" */ = {
			isa = XCConfigurationList;
			buildConfigurations = (
				86EBE3DA240618F0006C1363 /* Debug */,
				86EBE3DB240618F0006C1363 /* Release */,
			);
			defaultConfigurationIsVisible = 0;
			defaultConfigurationName = Release;
		};
/* End XCConfigurationList section */
	};
	rootObject = 86EBE3BD240618D2006C1363 /* Project object */;
}
